
Microsoft Visual Studio Solution File, Format Version 12.00
# Visual Studio Version 17
VisualStudioVersion = 17.5.33627.172
MinimumVisualStudioVersion = 10.0.40219.1
Project("{FAE04EC0-301F-11D3-BF4B-00C04F79EFBC}") = "BigDataProject", "BigDataProject\BigDataProject.csproj", "{002C78F7-64EC-4902-9160-BA1C24AC2E36}"
EndProject
Global
	GlobalSection(SolutionConfigurationPlatforms) = preSolution
		Debug|Any CPU = Debug|Any CPU
		Release|Any CPU = Release|Any CPU
	EndGlobalSection
	GlobalSection(ProjectConfigurationPlatforms) = postSolution
		{002C78F7-64EC-4902-9160-BA1C24AC2E36}.Debug|Any CPU.ActiveCfg = Debug|Any CPU
		{002C78F7-64EC-4902-9160-BA1C24AC2E36}.Debug|Any CPU.Build.0 = Debug|Any CPU
		{002C78F7-64EC-4902-9160-BA1C24AC2E36}.Release|Any CPU.ActiveCfg = Release|Any CPU
		{002C78F7-64EC-4902-9160-BA1C24AC2E36}.Release|Any CPU.Build.0 = Release|Any CPU
	EndGlobalSection
	GlobalSection(SolutionProperties) = preSolution
		HideSolutionNode = FALSE
	EndGlobalSection
	GlobalSection(ExtensibilityGlobals) = postSolution
		SolutionGuid = {20168D28-F3AD-486C-AFEB-4C00CDD70B16}
	EndGlobalSection
EndGlobal
